
Microsoft Visual Studio Solution File, Format Version 12.00
# Visual Studio Version 17
VisualStudioVersion = 17.8.34511.84
MinimumVisualStudioVersion = 10.0.40219.1
Project("{FAE04EC0-301F-11D3-BF4B-00C04F79EFBC}") = "ShoppingListApp", "ShoppingListApp\ShoppingListApp.csproj", "{368DEC3E-F18C-48B2-A3BE-759F6A425D41}"
EndProject
Global
	GlobalSection(SolutionConfigurationPlatforms) = preSolution
		Debug|Any CPU = Debug|Any CPU
		Release|Any CPU = Release|Any CPU
	EndGlobalSection
	GlobalSection(ProjectConfigurationPlatforms) = postSolution
		{368DEC3E-F18C-48B2-A3BE-759F6A425D41}.Debug|Any CPU.ActiveCfg = Debug|Any CPU
		{368DEC3E-F18C-48B2-A3BE-759F6A425D41}.Debug|Any CPU.Build.0 = Debug|Any CPU
		{368DEC3E-F18C-48B2-A3BE-759F6A425D41}.Release|Any CPU.ActiveCfg = Release|Any CPU
		{368DEC3E-F18C-48B2-A3BE-759F6A425D41}.Release|Any CPU.Build.0 = Release|Any CPU
	EndGlobalSection
	GlobalSection(SolutionProperties) = preSolution
		HideSolutionNode = FALSE
	EndGlobalSection
	GlobalSection(ExtensibilityGlobals) = postSolution
		SolutionGuid = {AFE52CE2-9589-490B-BAE6-93BDD8861464}
	EndGlobalSection
EndGlobal
